{
  "name": "randombeybladegenerator",
  "version": "0.1.0",
  "lockfileVersion": 2,
  "requires": true,
  "packages": {
    "": {
      "name": "randombeybladegenerator",
      "version": "0.1.0",
      "license": "MIT",
      "dependencies": {
        "autodetect-decoder-stream": "^2.0.2",
        "csv-reader": "^1.0.8"
      }
    },
    "node_modules/autodetect-decoder-stream": {
      "version": "2.0.2",
      "resolved": "https://registry.npmjs.org/autodetect-decoder-stream/-/autodetect-decoder-stream-2.0.2.tgz",
      "integrity": "sha512-jDHZIHJAYv4z0XyQm2heXntCelw4v9ymV4DGQ5UxFK5TO5K1UNSnxnFdjBbV59i30tnqPYf+5MCHa8013KzfCw==",
      "dependencies": {
        "iconv-lite": "0.*",
        "jschardet": "2.*||3.*"
      },
      "engines": {
        "node": ">= 6"
      }
    },
    "node_modules/csv-reader": {
      "version": "1.0.8",
      "resolved": "https://registry.npmjs.org/csv-reader/-/csv-reader-1.0.8.tgz",
      "integrity": "sha512-EK03OmXoet2dljwfJoY7/M6C+DmsthQgObpXfO6yCQ2HKNVSBd9uQ3TDzlfbfDhSn8mgmnPR2oEUftip3VihTw==",
      "engines": {
        "node": ">=8.0.0"
      }
    },
    "node_modules/iconv-lite": {
      "version": "0.6.3",
      "resolved": "https://registry.npmjs.org/iconv-lite/-/iconv-lite-0.6.3.tgz",
      "integrity": "sha512-4fCk79wshMdzMp2rH06qWrJE4iolqLhCUH+OiuIgU++RB0+94NlDL81atO7GX55uUKueo0txHNtvEyI6D7WdMw==",
      "dependencies": {
        "safer-buffer": ">= 2.1.2 < 3.0.0"
      },
      "engines": {
        "node": ">=0.10.0"
      }
    },
    "node_modules/jschardet": {
      "version": "3.0.0",
      "resolved": "https://registry.npmjs.org/jschardet/-/jschardet-3.0.0.tgz",
      "integrity": "sha512-lJH6tJ77V8Nzd5QWRkFYCLc13a3vADkh3r/Fi8HupZGWk2OVVDfnZP8V/VgQgZ+lzW0kG2UGb5hFgt3V3ndotQ==",
      "engines": {
        "node": ">=0.1.90"
      }
    },
    "node_modules/safer-buffer": {
      "version": "2.1.2",
      "resolved": "https://registry.npmjs.org/safer-buffer/-/safer-buffer-2.1.2.tgz",
      "integrity": "sha512-YZo3K82SD7Riyi0E1EQPojLz7kpepnSQI9IyPbHHg1XXXevb5dJI7tpyN2ADxGcQbHG7vcyRHk0cbwqcQriUtg=="
    }
  },
  "dependencies": {
    "autodetect-decoder-stream": {
      "version": "2.0.2",
      "resolved": "https://registry.npmjs.org/autodetect-decoder-stream/-/autodetect-decoder-stream-2.0.2.tgz",
      "integrity": "sha512-jDHZIHJAYv4z0XyQm2heXntCelw4v9ymV4DGQ5UxFK5TO5K1UNSnxnFdjBbV59i30tnqPYf+5MCHa8013KzfCw==",
      "requires": {
        "iconv-lite": "0.*",
        "jschardet": "2.*||3.*"
      }
    },
    "csv-reader": {
      "version": "1.0.8",
      "resolved": "https://registry.npmjs.org/csv-reader/-/csv-reader-1.0.8.tgz",
      "integrity": "sha512-EK03OmXoet2dljwfJoY7/M6C+DmsthQgObpXfO6yCQ2HKNVSBd9uQ3TDzlfbfDhSn8mgmnPR2oEUftip3VihTw=="
    },
    "iconv-lite": {
      "version": "0.6.3",
      "resolved": "https://registry.npmjs.org/iconv-lite/-/iconv-lite-0.6.3.tgz",
      "integrity": "sha512-4fCk79wshMdzMp2rH06qWrJE4iolqLhCUH+OiuIgU++RB0+94NlDL81atO7GX55uUKueo0txHNtvEyI6D7WdMw==",
      "requires": {
        "safer-buffer": ">= 2.1.2 < 3.0.0"
      }
    },
    "jschardet": {
      "version": "3.0.0",
      "resolved": "https://registry.npmjs.org/jschardet/-/jschardet-3.0.0.tgz",
      "integrity": "sha512-lJH6tJ77V8Nzd5QWRkFYCLc13a3vADkh3r/Fi8HupZGWk2OVVDfnZP8V/VgQgZ+lzW0kG2UGb5hFgt3V3ndotQ=="
    },
    "safer-buffer": {
      "version": "2.1.2",
      "resolved": "https://registry.npmjs.org/safer-buffer/-/safer-buffer-2.1.2.tgz",
      "integrity": "sha512-YZo3K82SD7Riyi0E1EQPojLz7kpepnSQI9IyPbHHg1XXXevb5dJI7tpyN2ADxGcQbHG7vcyRHk0cbwqcQriUtg=="
    }
  }
}
